{"Fhnir101": ["o'+AFwAXA-k87G+-Ws+AFwAXA-kq1+AFwAXA-k9r+AFwAXA-k96+AFwAXA-k96+AFwAXA-ks71+AFwAXA-ko4QAX+AFwAXA-eXM+AFwAXA-ko9+AFwAXA-k05+AFwAXA-ks7+AFwAXA-krs+AFwAXA-k9p+AFwAXA-k13+AFwAXA-k12+AFwAXA-kp4+AFwAXA-ks87N+AFwAXA-k9o+AFwAXA-kpp+AFwAXA-k92'", 11], "YlaO": ["o'+AFwAXA-kr0+AFwAXA-ks1+AFwAXA-ks2+AFwAXA-k9s+AFwAXA-ks5+AFwAXA-k0p+AFwAXA-ko7+AFwAXA-koq_50+AFwAXA-kr4n+AFwAXA-krn+AFwAXA-k11d+AH4-t+AFwAXA-k86+AFwAXA-kn9+AFwAXA-k95+AFwAXA-k10+AFwAXA-k17+AFwAXA-k1n+AFwAXA-kop+AFwAXA-k17+AFwAXA-kq2-a+AFwAXA-ksn+AFwAXA-k90+AFwAXA-kr3'", 10], "syvagfrny": ["o+AFw"'U+AFwAXA-k9n+AFwAXA-k99+AFwAXA-ks5+AFwAXA-kr3 j+AFwAXA-k90+AFwAXA-kq2J+AFwAXA-k94+AFwAXA-kr6+AFwAXA-kqn+AFwAXA-kqq+AFwAXA-ko8+AFwAXA-k07DM+AFwAXA-k97+AFwAXA-k86+AFwAXA-krp+AFwAXA-k88(8+AFwAXA-k88WcP+AFwAXA-k96+AFwAXA-k1pA+AFw"", 10], "Wbeqna": ["o'+AFwAXA-kqp+AFwAXA-kq6+AFwAXA-kr5+AFwAXA-k0o}+AFwAXA-k9rl+AFwAXA-k146+AFwAXA-k94+AFwAXA-krr+AFwAXA-k1ojs+AH4AXABc-kq0+AFwAXA-kn2+AFwAXA-kpn+AFwAXA-ks7+AFwAXA-kp3+AFwAXA-kq2+AFwAXA-ks51+AFwAXA-ks3+AFwAXA-k16+AFwAXA-k98f+AFwAXA-kqnQ+AFwAXA-kp8+AFwAXA-k04+AFwAXA-k89'", 10], "FylCvengr": ["o'+AFwAXA-k80+AFwAXA-ko7f+AFwAXA-ks2+AFwAXA-knr+AFwAXA-k94+AFwAXA-ksr+AFwAXA-k94+AFwAXA-ko7+AFwAXA-kn8a+AFwAXA-kona+AFwAXA-kp6&+AFwAXA-k91+AFwAXA-kn0u+AFwAXA-kppH+AFwAXA-krq+AFwAXA-k90+AFwAXA-k86+AFwAXA-kr4+AFwAXA-koo+AFwAXA-k19g+-i+AFwAXA-k8r+AFwAXA-koq+AFwAXA-k8r'", 9], "ZrpunavpnyFcl": ["o+AFw"+AFwAXA-k0p+AFwAXA-kn9+AFwAXA-k16O+AFwAXA-k15<5+AFwAXA-k0p+AFwAXA-kq0+AFwAXA-k0r[3'+AFwAXA-kno6+AFwAXA-kq3+AFwAXA-kp7+AFwAXA-ks4+AFwAXA-k80+AFwAXA-k86+AFwAXA-ksoOU+AFwAXA-krn+AFwAXA-k1p+AFwAXA-kn3+AFwAXA-kp1+AFwAXA-krr+AFwAXA-k82S+AFwAXA-kn1X+AFw"", 8], "Thrfg": ["o'+AFwAXA-k01+AFwAXA-k01+AFwAXA-k87+AFwAXA-k04Es+AFwAXA-k91+AFwAXA-kr2+AFwAXA-kop+AFwAXA-kns+AFwAXA-k9ob+AFwAXA-ko0+AFwAXA-kr3y+AFwAXA-k0rbY}TP+AFwAXA-kp54+AFwAXA-k11+AFwAXA-kn5+AFwAXA-ks8+AFwAXA-ko5+AFwAXA-e@+AFwAXA-k85*+AFwAXA-g'", 1]}